
Microsoft Visual Studio Solution File, Format Version 12.00
# Visual Studio Version 17
VisualStudioVersion = 17.3.32721.290
MinimumVisualStudioVersion = 10.0.40219.1
Project("{9A19103F-16F7-4668-BE54-9A1E7A4F7556}") = "ObjectExplorer", "ObjectExplorer\ObjectExplorer.csproj", "{E10B33FE-FC1D-467B-9EEE-32C8AA1BCC87}"
EndProject
Project("{9A19103F-16F7-4668-BE54-9A1E7A4F7556}") = "ECommons", "..\ECommons\ECommons\ECommons.csproj", "{A5B5B6D4-E461-42C7-B76B-F75F45B117BB}"
EndProject
Global
	GlobalSection(SolutionConfigurationPlatforms) = preSolution
		Debug|Any CPU = Debug|Any CPU
		Debug|x64 = Debug|x64
		Release|Any CPU = Release|Any CPU
		Release|x64 = Release|x64
	EndGlobalSection
	GlobalSection(ProjectConfigurationPlatforms) = postSolution
		{E10B33FE-FC1D-467B-9EEE-32C8AA1BCC87}.Debug|Any CPU.ActiveCfg = Debug|x64
		{E10B33FE-FC1D-467B-9EEE-32C8AA1BCC87}.Debug|Any CPU.Build.0 = Debug|x64
		{E10B33FE-FC1D-467B-9EEE-32C8AA1BCC87}.Debug|x64.ActiveCfg = Debug|x64
		{E10B33FE-FC1D-467B-9EEE-32C8AA1BCC87}.Debug|x64.Build.0 = Debug|x64
		{E10B33FE-FC1D-467B-9EEE-32C8AA1BCC87}.Release|Any CPU.ActiveCfg = Release|x64
		{E10B33FE-FC1D-467B-9EEE-32C8AA1BCC87}.Release|Any CPU.Build.0 = Release|x64
		{E10B33FE-FC1D-467B-9EEE-32C8AA1BCC87}.Release|x64.ActiveCfg = Release|x64
		{E10B33FE-FC1D-467B-9EEE-32C8AA1BCC87}.Release|x64.Build.0 = Release|x64
		{A5B5B6D4-E461-42C7-B76B-F75F45B117BB}.Debug|Any CPU.ActiveCfg = Debug|x64
		{A5B5B6D4-E461-42C7-B76B-F75F45B117BB}.Debug|Any CPU.Build.0 = Debug|x64
		{A5B5B6D4-E461-42C7-B76B-F75F45B117BB}.Debug|x64.ActiveCfg = Debug|x64
		{A5B5B6D4-E461-42C7-B76B-F75F45B117BB}.Debug|x64.Build.0 = Debug|x64
		{A5B5B6D4-E461-42C7-B76B-F75F45B117BB}.Release|Any CPU.ActiveCfg = Release|x64
		{A5B5B6D4-E461-42C7-B76B-F75F45B117BB}.Release|Any CPU.Build.0 = Release|x64
		{A5B5B6D4-E461-42C7-B76B-F75F45B117BB}.Release|x64.ActiveCfg = Release|x64
		{A5B5B6D4-E461-42C7-B76B-F75F45B117BB}.Release|x64.Build.0 = Release|x64
	EndGlobalSection
	GlobalSection(SolutionProperties) = preSolution
		HideSolutionNode = FALSE
	EndGlobalSection
	GlobalSection(ExtensibilityGlobals) = postSolution
		SolutionGuid = {670EF8C6-4148-4929-8E44-F3832FA4489E}
	EndGlobalSection
EndGlobal
